<?xml version="1.0" encoding="utf-8"?>
<Project ToolsVersion="4.0" xmlns="http://schemas.microsoft.com/developer/msbuild/2003">
  <ItemGroup>
    <Filter Include="ht_lib">
      <UniqueIdentifier>{d5ccf337-78d7-433f-8599-d95e3dc4084c}</UniqueIdentifier>
    </Filter>
    <Filter Include="ht">
      <UniqueIdentifier>{1e081364-cdf1-4c1a-8f7d-f333a1682f1b}</UniqueIdentifier>
    </Filter>
    <Filter Include="ht_lib\host">
      <UniqueIdentifier>{a65363d3-dc70-4d2f-8bb1-3b2d6e53ac4f}</UniqueIdentifier>
      <Extensions>h;cpp;c</Extensions>
    </Filter>
    <Filter Include="ht_lib\sysc">
      <UniqueIdentifier>{b88eec7f-800d-4291-b03f-6f7f263fa9ce}</UniqueIdentifier>
      <Extensions>h;cpp;c</Extensions>
    </Filter>
    <Filter Include="ht\verilog">
      <UniqueIdentifier>{0e563bcb-4e79-4d41-9ac8-4e836cbac0bf}</UniqueIdentifier>
    </Filter>
    <Filter Include="ht\sysc">
      <UniqueIdentifier>{eab62ad3-8b94-4d5e-bc43-0b0553e6c00b}</UniqueIdentifier>
      <Extensions>h;cpp;c</Extensions>
    </Filter>
    <Filter Include="src">
      <UniqueIdentifier>{f04723c0-21f4-4c27-b3bf-1600abe0d3d4}</UniqueIdentifier>
      <Extensions>h;cpp;c</Extensions>
    </Filter>
    <Filter Include="src_pers">
      <UniqueIdentifier>{ffdef056-8bb0-421a-a4c7-3aa2b12c0d1a}</UniqueIdentifier>
      <Extensions>h;cpp;c</Extensions>
    </Filter>
    <Filter Include="src_model">
      <UniqueIdentifier>{c9054b47-f3d7-417c-a176-8c043d0cad82}</UniqueIdentifier>
      <Extensions>h;cpp;c</Extensions>
    </Filter>
  </ItemGroup>
  <ItemGroup>
    <ClInclude Include="..\ht\sysc\HostIntf.h">
      <Filter>ht\sysc</Filter>
    </ClInclude>
    <ClInclude Include="..\ht\sysc\UnitIntf.h">
      <Filter>ht\sysc</Filter>
    </ClInclude>
    <ClInclude Include="..\ht\sysc\PersCommon.h">
      <Filter>ht\sysc</Filter>
    </ClInclude>
    <ClInclude Include="..\ht\sysc\PersAeTop.h">
      <Filter>ht\sysc</Filter>
    </ClInclude>
    <ClInclude Include="..\ht\sysc\PersAuTop.h">
      <Filter>ht\sysc</Filter>
    </ClInclude>
    <ClInclude Include="..\ht\sysc\PersHif.h">
      <Filter>ht\sysc</Filter>
    </ClInclude>
    <ClInclude Include="..\ht\sysc\PersAuHti.h">
      <Filter>ht\sysc</Filter>
    </ClInclude>
    <ClInclude Include="..\ht\sysc\PersAuHta.h">
      <Filter>ht\sysc</Filter>
    </ClInclude>
    <ClInclude Include="..\ht\sysc\PersAuMif0.h">
      <Filter>ht\sysc</Filter>
    </ClInclude>
    <ClInclude Include="..\ht\sysc\PersCtl.h">
      <Filter>ht\sysc</Filter>
    </ClInclude>
    <ClInclude Include="..\ht\sysc\PersBarrier.h">
      <Filter>ht\sysc</Filter>
    </ClInclude>
    <ClInclude Include="..\ht\sysc\PersBarrierBarCtl.h">
      <Filter>ht\sysc</Filter>
    </ClInclude>
    <ClInclude Include="..\ht\sysc\SyscAeTop.h">
      <Filter>ht\sysc</Filter>
    </ClInclude>
    <ClInclude Include="..\ht\sysc\SyscTop.h">
      <Filter>ht\sysc</Filter>
    </ClInclude>
    <ClInclude Include="$(HtToolsPath)\ht_lib\host\HtCtrlMsg.h">
      <Filter>ht_lib\host</Filter>
    </ClInclude>
    <ClInclude Include="$(HtToolsPath)\ht_lib\Ht.h">
      <Filter>ht_lib</Filter>
    </ClInclude>
    <ClInclude Include="$(HtToolsPath)\ht_lib\host\HtHif.h">
      <Filter>ht_lib\host</Filter>
    </ClInclude>
    <ClInclude Include="$(HtToolsPath)\ht_lib\host\HtHifLib.h">
      <Filter>ht_lib\host</Filter>
    </ClInclude>
    <ClInclude Include="$(HtToolsPath)\ht_lib\host\HtModel.h">
      <Filter>ht_lib\host</Filter>
    </ClInclude>
    <ClInclude Include="$(HtToolsPath)\ht_lib\host\HtModelLib.h">
      <Filter>ht_lib\host</Filter>
    </ClInclude>
    <ClInclude Include="$(HtToolsPath)\ht_lib\host\HtPlatform.h">
      <Filter>ht_lib\host</Filter>
    </ClInclude>
    <ClInclude Include="$(HtToolsPath)\ht_lib\sysc\mtrand.h">
      <Filter>ht_lib\sysc</Filter>
    </ClInclude>
    <ClInclude Include="$(HtToolsPath)\ht_lib\sysc\MemRdWrIntf.h">
      <Filter>ht_lib\sysc</Filter>
    </ClInclude>
    <ClInclude Include="$(HtToolsPath)\ht_lib\sysc\Params.h">
      <Filter>ht_lib\sysc</Filter>
    </ClInclude>
    <ClInclude Include="$(HtToolsPath)\ht_lib\sysc\PersUnitCnt.h">
      <Filter>ht_lib\sysc</Filter>
    </ClInclude>
    <ClInclude Include="$(HtToolsPath)\ht_lib\sysc\PersXbarStub.h">
      <Filter>ht_lib\sysc</Filter>
    </ClInclude>
    <ClInclude Include="$(HtToolsPath)\ht_lib\sysc\PersMiStub.h">
      <Filter>ht_lib\sysc</Filter>
    </ClInclude>
    <ClInclude Include="$(HtToolsPath)\ht_lib\sysc\PersMoStub.h">
      <Filter>ht_lib\sysc</Filter>
    </ClInclude>
    <ClInclude Include="$(HtToolsPath)\ht_lib\sysc\HtMemTypes.h">
      <Filter>ht_lib\sysc</Filter>
    </ClInclude>
    <ClInclude Include="$(HtToolsPath)\ht_lib\sysc\SyscClock.h">
      <Filter>ht_lib\sysc</Filter>
    </ClInclude>
    <ClInclude Include="$(HtToolsPath)\ht_lib\sysc\SyscDisp.h">
      <Filter>ht_lib\sysc</Filter>
    </ClInclude>
    <ClInclude Include="$(HtToolsPath)\ht_lib\sysc\SyscMemLib.h">
      <Filter>ht_lib\sysc</Filter>
    </ClInclude>
    <ClInclude Include="$(HtToolsPath)\ht_lib\sysc\SyscMem.h">
      <Filter>ht_lib\sysc</Filter>
    </ClInclude>
    <ClInclude Include="$(HtToolsPath)\ht_lib\sysc\SyscMonLib.h">
      <Filter>ht_lib\sysc</Filter>
    </ClInclude>
    <ClInclude Include="$(HtToolsPath)\ht_lib\sysc\SyscMon.h">
      <Filter>ht_lib\sysc</Filter>
    </ClInclude>
  </ItemGroup>
  <ItemGroup>
    <ClCompile Include="..\ht\sysc\UnitIntf.cpp">
      <Filter>ht\sysc</Filter>
    </ClCompile>
    <ClCompile Include="..\ht\sysc\PersHif.cpp">
      <Filter>ht\sysc</Filter>
    </ClCompile>
    <ClCompile Include="..\ht\sysc\PersAuHti.cpp">
      <Filter>ht\sysc</Filter>
    </ClCompile>
    <ClCompile Include="..\ht\sysc\PersAuHta.cpp">
      <Filter>ht\sysc</Filter>
    </ClCompile>
    <ClCompile Include="..\ht\sysc\PersAuMif0.cpp">
      <Filter>ht\sysc</Filter>
    </ClCompile>
    <ClCompile Include="..\ht\sysc\PersCtl.cpp">
      <Filter>ht\sysc</Filter>
    </ClCompile>
    <ClCompile Include="..\src_pers\PersCtl_src.cpp">
      <Filter>src_pers</Filter>
    </ClCompile>
    <ClCompile Include="..\ht\sysc\PersBarrier.cpp">
      <Filter>ht\sysc</Filter>
    </ClCompile>
    <ClCompile Include="..\ht\sysc\PersBarrierBarCtl.cpp">
      <Filter>ht\sysc</Filter>
    </ClCompile>
    <ClCompile Include="..\src_pers\PersBarrier_src.cpp">
      <Filter>src_pers</Filter>
    </ClCompile>
    <ClCompile Include="..\ht\sysc\SyscMon.cpp">
      <Filter>ht\sysc</Filter>
    </ClCompile>
    <ClCompile Include="$(HtToolsPath)\ht_lib\host\HtHif.cpp">
      <Filter>ht_lib\host</Filter>
    </ClCompile>
    <ClCompile Include="$(HtToolsPath)\ht_lib\host\HtHifLib.cpp">
      <Filter>ht_lib\host</Filter>
    </ClCompile>
    <ClCompile Include="$(HtToolsPath)\ht_lib\host\HtModelLib.cpp">
      <Filter>ht_lib\host</Filter>
    </ClCompile>
    <ClCompile Include="$(HtToolsPath)\ht_lib\host\HtPlatform.cpp">
      <Filter>ht_lib\host</Filter>
    </ClCompile>
    <ClCompile Include="$(HtToolsPath)\ht_lib\sysc\mtrand.cpp">
      <Filter>ht_lib\sysc</Filter>
    </ClCompile>
    <ClCompile Include="$(HtToolsPath)\ht_lib\sysc\PersUnitCnt.cpp">
      <Filter>ht_lib\sysc</Filter>
    </ClCompile>
    <ClCompile Include="$(HtToolsPath)\ht_lib\sysc\PersXbarStub.cpp">
      <Filter>ht_lib\sysc</Filter>
    </ClCompile>
    <ClCompile Include="$(HtToolsPath)\ht_lib\sysc\PersMiStub.cpp">
      <Filter>ht_lib\sysc</Filter>
    </ClCompile>
    <ClCompile Include="$(HtToolsPath)\ht_lib\sysc\PersMoStub.cpp">
      <Filter>ht_lib\sysc</Filter>
    </ClCompile>
    <ClCompile Include="$(HtToolsPath)\ht_lib\sysc\SyscClockLib.cpp">
      <Filter>ht_lib\sysc</Filter>
    </ClCompile>
    <ClCompile Include="$(HtToolsPath)\ht_lib\sysc\SyscDispLib.cpp">
      <Filter>ht_lib\sysc</Filter>
    </ClCompile>
    <ClCompile Include="$(HtToolsPath)\ht_lib\sysc\SyscMemLib.cpp">
      <Filter>ht_lib\sysc</Filter>
    </ClCompile>
    <ClCompile Include="$(HtToolsPath)\ht_lib\sysc\SyscMonLib.cpp">
      <Filter>ht_lib\sysc</Filter>
    </ClCompile>
    <ClCompile Include="..\src\Main.cpp">
      <Filter>src</Filter>
    </ClCompile>
  </ItemGroup>
  <ItemGroup>
    <CustomBuild Include="..\src_pers\barrier.htl">
      <Filter>src_pers</Filter>
    </CustomBuild>
    <CustomBuild Include="..\ht\sysc\PersAuTop.sc">
      <Filter>ht\sysc</Filter>
    </CustomBuild>
    <CustomBuild Include="..\ht\sysc\PersAeTop.sc">
      <Filter>ht\sysc</Filter>
    </CustomBuild>
    <CustomBuild Include="..\ht\verilog\PersHif.v_">
      <Filter>ht\verilog</Filter>
    </CustomBuild>
    <CustomBuild Include="..\ht\verilog\PersAuHti.v_">
      <Filter>ht\verilog</Filter>
    </CustomBuild>
    <CustomBuild Include="..\ht\verilog\PersAuHta.v_">
      <Filter>ht\verilog</Filter>
    </CustomBuild>
    <CustomBuild Include="..\ht\verilog\PersAuMif0.v_">
      <Filter>ht\verilog</Filter>
    </CustomBuild>
    <CustomBuild Include="..\ht\verilog\PersCtl.v_">
      <Filter>ht\verilog</Filter>
    </CustomBuild>
    <CustomBuild Include="..\ht\verilog\PersBarrier.v_">
      <Filter>ht\verilog</Filter>
    </CustomBuild>
    <CustomBuild Include="..\ht\verilog\PersBarrierBarCtl.v_">
      <Filter>ht\verilog</Filter>
    </CustomBuild>
  </ItemGroup>
  <ItemGroup>
    <CustomBuild Include="$(HtToolsPath)\ht_lib\sysc\SyscAeTop.sc">
      <Filter>ht_lib\sysc</Filter>
    </CustomBuild>
    <CustomBuild Include="$(HtToolsPath)\ht_lib\sysc\SyscTop.sc">
      <Filter>ht_lib\sysc</Filter>
    </CustomBuild>
    <CustomBuild Include="..\ht\verilog\PersUnitCnt.v_">
      <Filter>ht\verilog</Filter>
    </CustomBuild>
    <CustomBuild Include="..\ht\verilog\PersXbarStub.v_">
      <Filter>ht\verilog</Filter>
    </CustomBuild>
    <CustomBuild Include="..\ht\verilog\PersMiStub.v_">
      <Filter>ht\verilog</Filter>
    </CustomBuild>
    <CustomBuild Include="..\ht\verilog\PersMoStub.v_">
      <Filter>ht\verilog</Filter>
    </CustomBuild>
  </ItemGroup>
  <ItemGroup>
    <None Include="..\src_pers\barrier.htd">
      <Filter>src_pers</Filter>
    </None>
    <None Include="..\ht\verilog\PersAuTop.v">
      <Filter>ht\verilog</Filter>
    </None>
    <None Include="..\ht\verilog\PersAeTop.v">
      <Filter>ht\verilog</Filter>
    </None>
    <None Include="..\ht\verilog\SyscAeTop.v">
      <Filter>ht\verilog</Filter>
    </None>
    <None Include="..\ht\verilog\SyscTop.v">
      <Filter>ht\verilog</Filter>
    </None>
    <None Include="..\ht\verilog\PersHif.v">
      <Filter>ht\verilog</Filter>
    </None>
    <None Include="..\ht\verilog\PersAuHti.v">
      <Filter>ht\verilog</Filter>
    </None>
    <None Include="..\ht\verilog\PersAuHta.v">
      <Filter>ht\verilog</Filter>
    </None>
    <None Include="..\ht\verilog\PersAuMif0.v">
      <Filter>ht\verilog</Filter>
    </None>
    <None Include="..\ht\verilog\PersCtl.v">
      <Filter>ht\verilog</Filter>
    </None>
    <None Include="..\ht\verilog\PersBarrier.v">
      <Filter>ht\verilog</Filter>
    </None>
    <None Include="..\ht\verilog\PersBarrierBarCtl.v">
      <Filter>ht\verilog</Filter>
    </None>
    <None Include="..\ht\verilog\PersUnitCnt.v">
      <Filter>ht\verilog</Filter>
    </None>
    <None Include="..\ht\verilog\PersXbarStub.v">
      <Filter>ht\verilog</Filter>
    </None>
    <None Include="..\ht\verilog\PersMiStub.v">
      <Filter>ht\verilog</Filter>
    </None>
    <None Include="..\ht\verilog\PersMoStub.v">
      <Filter>ht\verilog</Filter>
    </None>
    <None Include="..\src_pers\barrier.hti">
      <Filter>src_pers</Filter>
    </None>
  </ItemGroup>
</Project>
