<?xml version="1.0" encoding="utf-8"?>
<Project ToolsVersion="4.0" xmlns="http://schemas.microsoft.com/developer/msbuild/2003">
  <ItemGroup>
    <Filter Include="ht_lib">
      <UniqueIdentifier>{a19f3021-14b7-498a-8647-3c097a61eae4}</UniqueIdentifier>
    </Filter>
    <Filter Include="ht">
      <UniqueIdentifier>{ded6f919-9aea-483d-bed3-0565c3496933}</UniqueIdentifier>
    </Filter>
    <Filter Include="ht_lib\host">
      <UniqueIdentifier>{062268c5-755e-48f0-9643-4c98cd21837d}</UniqueIdentifier>
      <Extensions>h;cpp;c</Extensions>
    </Filter>
    <Filter Include="ht_lib\sysc">
      <UniqueIdentifier>{30d59bdc-9b89-45f8-b38c-adf2b95d4819}</UniqueIdentifier>
      <Extensions>h;cpp;c</Extensions>
    </Filter>
    <Filter Include="ht\verilog">
      <UniqueIdentifier>{c18e625b-7656-485c-a783-3ef465e2e433}</UniqueIdentifier>
    </Filter>
    <Filter Include="ht\sysc">
      <UniqueIdentifier>{844228ed-a83c-4d21-b2d8-7eaf379887c3}</UniqueIdentifier>
      <Extensions>h;cpp;c</Extensions>
    </Filter>
    <Filter Include="src">
      <UniqueIdentifier>{41b172ee-11c2-404b-b3af-887be7a41adc}</UniqueIdentifier>
      <Extensions>h;cpp;c</Extensions>
    </Filter>
    <Filter Include="src_pers">
      <UniqueIdentifier>{efdb7105-b20a-4672-b3f4-f51d0d7131e3}</UniqueIdentifier>
      <Extensions>h;cpp;c</Extensions>
    </Filter>
    <Filter Include="src_model">
      <UniqueIdentifier>{e2057ec9-9c41-4a87-b597-0bfe02c3098e}</UniqueIdentifier>
      <Extensions>h;cpp;c</Extensions>
    </Filter>
  </ItemGroup>
  <ItemGroup>
    <ClInclude Include="..\ht\sysc\HostIntf.h">
      <Filter>ht\sysc</Filter>
    </ClInclude>
    <ClInclude Include="..\ht\sysc\UnitIntf.h">
      <Filter>ht\sysc</Filter>
    </ClInclude>
    <ClInclude Include="..\ht\sysc\PersCommon.h">
      <Filter>ht\sysc</Filter>
    </ClInclude>
    <ClInclude Include="..\ht\sysc\PersAeTop.h">
      <Filter>ht\sysc</Filter>
    </ClInclude>
    <ClInclude Include="..\ht\sysc\PersAuTop.h">
      <Filter>ht\sysc</Filter>
    </ClInclude>
    <ClInclude Include="..\ht\sysc\PersHif.h">
      <Filter>ht\sysc</Filter>
    </ClInclude>
    <ClInclude Include="..\ht\sysc\PersAuHti.h">
      <Filter>ht\sysc</Filter>
    </ClInclude>
    <ClInclude Include="..\ht\sysc\PersAuHta.h">
      <Filter>ht\sysc</Filter>
    </ClInclude>
    <ClInclude Include="..\ht\sysc\PersAuMif0.h">
      <Filter>ht\sysc</Filter>
    </ClInclude>
    <ClInclude Include="..\ht\sysc\PersCtl.h">
      <Filter>ht\sysc</Filter>
    </ClInclude>
    <ClInclude Include="..\ht\sysc\PersInit.h">
      <Filter>ht\sysc</Filter>
    </ClInclude>
    <ClInclude Include="..\ht\sysc\PersScatter.h">
      <Filter>ht\sysc</Filter>
    </ClInclude>
    <ClInclude Include="..\ht\sysc\PersBmap.h">
      <Filter>ht\sysc</Filter>
    </ClInclude>
    <ClInclude Include="..\ht\sysc\PersBufp.h">
      <Filter>ht\sysc</Filter>
    </ClInclude>
    <ClInclude Include="..\ht\sysc\PersGblScatter__addrMem.h">
      <Filter>ht\sysc</Filter>
    </ClInclude>
    <ClInclude Include="..\ht\sysc\PersGblScatter__valMem.h">
      <Filter>ht\sysc</Filter>
    </ClInclude>
    <ClInclude Include="..\ht\sysc\PersGblBmap__data.h">
      <Filter>ht\sysc</Filter>
    </ClInclude>
    <ClInclude Include="..\ht\sysc\PersGblBufp__xoff0.h">
      <Filter>ht\sysc</Filter>
    </ClInclude>
    <ClInclude Include="..\ht\sysc\PersGblBufp__xoff1.h">
      <Filter>ht\sysc</Filter>
    </ClInclude>
    <ClInclude Include="..\ht\sysc\PersGblBufp__xadj.h">
      <Filter>ht\sysc</Filter>
    </ClInclude>
    <ClInclude Include="..\ht\sysc\PersGblBufp__bmap.h">
      <Filter>ht\sysc</Filter>
    </ClInclude>
    <ClInclude Include="..\ht\sysc\SyscAeTop.h">
      <Filter>ht\sysc</Filter>
    </ClInclude>
    <ClInclude Include="..\ht\sysc\SyscTop.h">
      <Filter>ht\sysc</Filter>
    </ClInclude>
    <ClInclude Include="$(HtToolsPath)\ht_lib\host\HtCtrlMsg.h">
      <Filter>ht_lib\host</Filter>
    </ClInclude>
    <ClInclude Include="$(HtToolsPath)\ht_lib\Ht.h">
      <Filter>ht_lib</Filter>
    </ClInclude>
    <ClInclude Include="$(HtToolsPath)\ht_lib\host\HtHif.h">
      <Filter>ht_lib\host</Filter>
    </ClInclude>
    <ClInclude Include="$(HtToolsPath)\ht_lib\host\HtHifLib.h">
      <Filter>ht_lib\host</Filter>
    </ClInclude>
    <ClInclude Include="$(HtToolsPath)\ht_lib\host\HtModel.h">
      <Filter>ht_lib\host</Filter>
    </ClInclude>
    <ClInclude Include="$(HtToolsPath)\ht_lib\host\HtModelLib.h">
      <Filter>ht_lib\host</Filter>
    </ClInclude>
    <ClInclude Include="$(HtToolsPath)\ht_lib\host\HtPlatform.h">
      <Filter>ht_lib\host</Filter>
    </ClInclude>
    <ClInclude Include="$(HtToolsPath)\ht_lib\sysc\mtrand.h">
      <Filter>ht_lib\sysc</Filter>
    </ClInclude>
    <ClInclude Include="$(HtToolsPath)\ht_lib\sysc\MemRdWrIntf.h">
      <Filter>ht_lib\sysc</Filter>
    </ClInclude>
    <ClInclude Include="$(HtToolsPath)\ht_lib\sysc\Params.h">
      <Filter>ht_lib\sysc</Filter>
    </ClInclude>
    <ClInclude Include="$(HtToolsPath)\ht_lib\sysc\PersUnitCnt.h">
      <Filter>ht_lib\sysc</Filter>
    </ClInclude>
    <ClInclude Include="$(HtToolsPath)\ht_lib\sysc\PersXbarStub.h">
      <Filter>ht_lib\sysc</Filter>
    </ClInclude>
    <ClInclude Include="$(HtToolsPath)\ht_lib\sysc\PersMiStub.h">
      <Filter>ht_lib\sysc</Filter>
    </ClInclude>
    <ClInclude Include="$(HtToolsPath)\ht_lib\sysc\PersMoStub.h">
      <Filter>ht_lib\sysc</Filter>
    </ClInclude>
    <ClInclude Include="$(HtToolsPath)\ht_lib\sysc\HtMemTypes.h">
      <Filter>ht_lib\sysc</Filter>
    </ClInclude>
    <ClInclude Include="$(HtToolsPath)\ht_lib\sysc\SyscClock.h">
      <Filter>ht_lib\sysc</Filter>
    </ClInclude>
    <ClInclude Include="$(HtToolsPath)\ht_lib\sysc\SyscDisp.h">
      <Filter>ht_lib\sysc</Filter>
    </ClInclude>
    <ClInclude Include="$(HtToolsPath)\ht_lib\sysc\SyscMemLib.h">
      <Filter>ht_lib\sysc</Filter>
    </ClInclude>
    <ClInclude Include="$(HtToolsPath)\ht_lib\sysc\SyscMem.h">
      <Filter>ht_lib\sysc</Filter>
    </ClInclude>
    <ClInclude Include="$(HtToolsPath)\ht_lib\sysc\SyscMonLib.h">
      <Filter>ht_lib\sysc</Filter>
    </ClInclude>
    <ClInclude Include="$(HtToolsPath)\ht_lib\sysc\SyscMon.h">
      <Filter>ht_lib\sysc</Filter>
    </ClInclude>
  </ItemGroup>
  <ItemGroup>
    <ClCompile Include="..\ht\sysc\UnitIntf.cpp">
      <Filter>ht\sysc</Filter>
    </ClCompile>
    <ClCompile Include="..\ht\sysc\PersHif.cpp">
      <Filter>ht\sysc</Filter>
    </ClCompile>
    <ClCompile Include="..\ht\sysc\PersAuHti.cpp">
      <Filter>ht\sysc</Filter>
    </ClCompile>
    <ClCompile Include="..\ht\sysc\PersAuHta.cpp">
      <Filter>ht\sysc</Filter>
    </ClCompile>
    <ClCompile Include="..\ht\sysc\PersAuMif0.cpp">
      <Filter>ht\sysc</Filter>
    </ClCompile>
    <ClCompile Include="..\ht\sysc\PersCtl.cpp">
      <Filter>ht\sysc</Filter>
    </ClCompile>
    <ClCompile Include="..\src_pers\PersCtl_src.cpp">
      <Filter>src_pers</Filter>
    </ClCompile>
    <ClCompile Include="..\ht\sysc\PersInit.cpp">
      <Filter>ht\sysc</Filter>
    </ClCompile>
    <ClCompile Include="..\src_pers\PersInit_src.cpp">
      <Filter>src_pers</Filter>
    </ClCompile>
    <ClCompile Include="..\ht\sysc\PersScatter.cpp">
      <Filter>ht\sysc</Filter>
    </ClCompile>
    <ClCompile Include="..\src_pers\PersScatter_src.cpp">
      <Filter>src_pers</Filter>
    </ClCompile>
    <ClCompile Include="..\ht\sysc\PersBmap.cpp">
      <Filter>ht\sysc</Filter>
    </ClCompile>
    <ClCompile Include="..\src_pers\PersBmap_src.cpp">
      <Filter>src_pers</Filter>
    </ClCompile>
    <ClCompile Include="..\ht\sysc\PersBufp.cpp">
      <Filter>ht\sysc</Filter>
    </ClCompile>
    <ClCompile Include="..\src_pers\PersBufp_src.cpp">
      <Filter>src_pers</Filter>
    </ClCompile>
    <ClCompile Include="..\ht\sysc\PersGblScatter__addrMem.cpp">
      <Filter>ht\sysc</Filter>
    </ClCompile>
    <ClCompile Include="..\ht\sysc\PersGblScatter__valMem.cpp">
      <Filter>ht\sysc</Filter>
    </ClCompile>
    <ClCompile Include="..\ht\sysc\PersGblBmap__data.cpp">
      <Filter>ht\sysc</Filter>
    </ClCompile>
    <ClCompile Include="..\ht\sysc\PersGblBufp__xoff0.cpp">
      <Filter>ht\sysc</Filter>
    </ClCompile>
    <ClCompile Include="..\ht\sysc\PersGblBufp__xoff1.cpp">
      <Filter>ht\sysc</Filter>
    </ClCompile>
    <ClCompile Include="..\ht\sysc\PersGblBufp__xadj.cpp">
      <Filter>ht\sysc</Filter>
    </ClCompile>
    <ClCompile Include="..\ht\sysc\PersGblBufp__bmap.cpp">
      <Filter>ht\sysc</Filter>
    </ClCompile>
    <ClCompile Include="..\ht\sysc\SyscMon.cpp">
      <Filter>ht\sysc</Filter>
    </ClCompile>
    <ClCompile Include="$(HtToolsPath)\ht_lib\host\HtHif.cpp">
      <Filter>ht_lib\host</Filter>
    </ClCompile>
    <ClCompile Include="$(HtToolsPath)\ht_lib\host\HtHifLib.cpp">
      <Filter>ht_lib\host</Filter>
    </ClCompile>
    <ClCompile Include="$(HtToolsPath)\ht_lib\host\HtModelLib.cpp">
      <Filter>ht_lib\host</Filter>
    </ClCompile>
    <ClCompile Include="$(HtToolsPath)\ht_lib\host\HtPlatform.cpp">
      <Filter>ht_lib\host</Filter>
    </ClCompile>
    <ClCompile Include="$(HtToolsPath)\ht_lib\sysc\mtrand.cpp">
      <Filter>ht_lib\sysc</Filter>
    </ClCompile>
    <ClCompile Include="$(HtToolsPath)\ht_lib\sysc\PersUnitCnt.cpp">
      <Filter>ht_lib\sysc</Filter>
    </ClCompile>
    <ClCompile Include="$(HtToolsPath)\ht_lib\sysc\PersXbarStub.cpp">
      <Filter>ht_lib\sysc</Filter>
    </ClCompile>
    <ClCompile Include="$(HtToolsPath)\ht_lib\sysc\PersMiStub.cpp">
      <Filter>ht_lib\sysc</Filter>
    </ClCompile>
    <ClCompile Include="$(HtToolsPath)\ht_lib\sysc\PersMoStub.cpp">
      <Filter>ht_lib\sysc</Filter>
    </ClCompile>
    <ClCompile Include="$(HtToolsPath)\ht_lib\sysc\SyscClockLib.cpp">
      <Filter>ht_lib\sysc</Filter>
    </ClCompile>
    <ClCompile Include="$(HtToolsPath)\ht_lib\sysc\SyscDispLib.cpp">
      <Filter>ht_lib\sysc</Filter>
    </ClCompile>
    <ClCompile Include="$(HtToolsPath)\ht_lib\sysc\SyscMemLib.cpp">
      <Filter>ht_lib\sysc</Filter>
    </ClCompile>
    <ClCompile Include="$(HtToolsPath)\ht_lib\sysc\SyscMonLib.cpp">
      <Filter>ht_lib\sysc</Filter>
    </ClCompile>
    <ClCompile Include="..\src\Main.cpp">
      <Filter>src</Filter>
    </ClCompile>
  </ItemGroup>
  <ItemGroup>
    <CustomBuild Include="..\src_pers\g500.htl">
      <Filter>src_pers</Filter>
    </CustomBuild>
    <CustomBuild Include="..\ht\sysc\PersAuTop.sc">
      <Filter>ht\sysc</Filter>
    </CustomBuild>
    <CustomBuild Include="..\ht\sysc\PersAeTop.sc">
      <Filter>ht\sysc</Filter>
    </CustomBuild>
    <CustomBuild Include="..\ht\verilog\PersHif.v_">
      <Filter>ht\verilog</Filter>
    </CustomBuild>
    <CustomBuild Include="..\ht\verilog\PersAuHti.v_">
      <Filter>ht\verilog</Filter>
    </CustomBuild>
    <CustomBuild Include="..\ht\verilog\PersAuHta.v_">
      <Filter>ht\verilog</Filter>
    </CustomBuild>
    <CustomBuild Include="..\ht\verilog\PersAuMif0.v_">
      <Filter>ht\verilog</Filter>
    </CustomBuild>
    <CustomBuild Include="..\ht\verilog\PersCtl.v_">
      <Filter>ht\verilog</Filter>
    </CustomBuild>
    <CustomBuild Include="..\ht\verilog\PersInit.v_">
      <Filter>ht\verilog</Filter>
    </CustomBuild>
    <CustomBuild Include="..\ht\verilog\PersScatter.v_">
      <Filter>ht\verilog</Filter>
    </CustomBuild>
    <CustomBuild Include="..\ht\verilog\PersBmap.v_">
      <Filter>ht\verilog</Filter>
    </CustomBuild>
    <CustomBuild Include="..\ht\verilog\PersBufp.v_">
      <Filter>ht\verilog</Filter>
    </CustomBuild>
    <CustomBuild Include="..\ht\verilog\PersGblScatter__addrMem.v_">
      <Filter>ht\verilog</Filter>
    </CustomBuild>
    <CustomBuild Include="..\ht\verilog\PersGblScatter__valMem.v_">
      <Filter>ht\verilog</Filter>
    </CustomBuild>
    <CustomBuild Include="..\ht\verilog\PersGblBmap__data.v_">
      <Filter>ht\verilog</Filter>
    </CustomBuild>
    <CustomBuild Include="..\ht\verilog\PersGblBufp__xoff0.v_">
      <Filter>ht\verilog</Filter>
    </CustomBuild>
    <CustomBuild Include="..\ht\verilog\PersGblBufp__xoff1.v_">
      <Filter>ht\verilog</Filter>
    </CustomBuild>
    <CustomBuild Include="..\ht\verilog\PersGblBufp__xadj.v_">
      <Filter>ht\verilog</Filter>
    </CustomBuild>
    <CustomBuild Include="..\ht\verilog\PersGblBufp__bmap.v_">
      <Filter>ht\verilog</Filter>
    </CustomBuild>
  </ItemGroup>
  <ItemGroup>
    <CustomBuild Include="$(HtToolsPath)\ht_lib\sysc\SyscAeTop.sc">
      <Filter>ht_lib\sysc</Filter>
    </CustomBuild>
    <CustomBuild Include="$(HtToolsPath)\ht_lib\sysc\SyscTop.sc">
      <Filter>ht_lib\sysc</Filter>
    </CustomBuild>
    <CustomBuild Include="..\ht\verilog\PersUnitCnt.v_">
      <Filter>ht\verilog</Filter>
    </CustomBuild>
    <CustomBuild Include="..\ht\verilog\PersXbarStub.v_">
      <Filter>ht\verilog</Filter>
    </CustomBuild>
    <CustomBuild Include="..\ht\verilog\PersMiStub.v_">
      <Filter>ht\verilog</Filter>
    </CustomBuild>
    <CustomBuild Include="..\ht\verilog\PersMoStub.v_">
      <Filter>ht\verilog</Filter>
    </CustomBuild>
  </ItemGroup>
  <ItemGroup>
    <None Include="..\src_pers\g500.htd">
      <Filter>src_pers</Filter>
    </None>
    <None Include="..\ht\verilog\PersAuTop.v">
      <Filter>ht\verilog</Filter>
    </None>
    <None Include="..\ht\verilog\PersAeTop.v">
      <Filter>ht\verilog</Filter>
    </None>
    <None Include="..\ht\verilog\SyscAeTop.v">
      <Filter>ht\verilog</Filter>
    </None>
    <None Include="..\ht\verilog\SyscTop.v">
      <Filter>ht\verilog</Filter>
    </None>
    <None Include="..\ht\verilog\PersHif.v">
      <Filter>ht\verilog</Filter>
    </None>
    <None Include="..\ht\verilog\PersAuHti.v">
      <Filter>ht\verilog</Filter>
    </None>
    <None Include="..\ht\verilog\PersAuHta.v">
      <Filter>ht\verilog</Filter>
    </None>
    <None Include="..\ht\verilog\PersAuMif0.v">
      <Filter>ht\verilog</Filter>
    </None>
    <None Include="..\ht\verilog\PersCtl.v">
      <Filter>ht\verilog</Filter>
    </None>
    <None Include="..\ht\verilog\PersInit.v">
      <Filter>ht\verilog</Filter>
    </None>
    <None Include="..\ht\verilog\PersScatter.v">
      <Filter>ht\verilog</Filter>
    </None>
    <None Include="..\ht\verilog\PersBmap.v">
      <Filter>ht\verilog</Filter>
    </None>
    <None Include="..\ht\verilog\PersBufp.v">
      <Filter>ht\verilog</Filter>
    </None>
    <None Include="..\ht\verilog\PersGblScatter__addrMem.v">
      <Filter>ht\verilog</Filter>
    </None>
    <None Include="..\ht\verilog\PersGblScatter__valMem.v">
      <Filter>ht\verilog</Filter>
    </None>
    <None Include="..\ht\verilog\PersGblBmap__data.v">
      <Filter>ht\verilog</Filter>
    </None>
    <None Include="..\ht\verilog\PersGblBufp__xoff0.v">
      <Filter>ht\verilog</Filter>
    </None>
    <None Include="..\ht\verilog\PersGblBufp__xoff1.v">
      <Filter>ht\verilog</Filter>
    </None>
    <None Include="..\ht\verilog\PersGblBufp__xadj.v">
      <Filter>ht\verilog</Filter>
    </None>
    <None Include="..\ht\verilog\PersGblBufp__bmap.v">
      <Filter>ht\verilog</Filter>
    </None>
    <None Include="..\ht\verilog\PersUnitCnt.v">
      <Filter>ht\verilog</Filter>
    </None>
    <None Include="..\ht\verilog\PersXbarStub.v">
      <Filter>ht\verilog</Filter>
    </None>
    <None Include="..\ht\verilog\PersMiStub.v">
      <Filter>ht\verilog</Filter>
    </None>
    <None Include="..\ht\verilog\PersMoStub.v">
      <Filter>ht\verilog</Filter>
    </None>
  </ItemGroup>
</Project>
