<?xml version="1.0" encoding="utf-8"?>
<Project ToolsVersion="4.0" xmlns="http://schemas.microsoft.com/developer/msbuild/2003">
  <ItemGroup>
    <Filter Include="ht_lib">
      <UniqueIdentifier>{f2992a32-a9f9-4f9b-b8a9-c4b352991614}</UniqueIdentifier>
    </Filter>
    <Filter Include="ht">
      <UniqueIdentifier>{91ba955b-e2a3-4024-a269-eda6aef78c2a}</UniqueIdentifier>
    </Filter>
    <Filter Include="ht_lib\host">
      <UniqueIdentifier>{c4e35fca-3e3b-441b-8f54-f2e2a2a71554}</UniqueIdentifier>
      <Extensions>h;cpp;c</Extensions>
    </Filter>
    <Filter Include="ht_lib\sysc">
      <UniqueIdentifier>{2ede715f-f46e-4edf-9db6-8dbb2693c227}</UniqueIdentifier>
      <Extensions>h;cpp;c</Extensions>
    </Filter>
    <Filter Include="ht\verilog">
      <UniqueIdentifier>{6b5c8bff-84f3-42cf-b499-2a926e522632}</UniqueIdentifier>
    </Filter>
    <Filter Include="ht\sysc">
      <UniqueIdentifier>{4ba9d60b-cd7f-4916-9ba7-965d7d593175}</UniqueIdentifier>
      <Extensions>h;cpp;c</Extensions>
    </Filter>
    <Filter Include="src">
      <UniqueIdentifier>{5c98884d-d31a-4240-952a-3b1d3d26fab4}</UniqueIdentifier>
      <Extensions>h;cpp;c</Extensions>
    </Filter>
    <Filter Include="src_pers">
      <UniqueIdentifier>{a9b64887-b744-4159-bcd8-56d38a12c697}</UniqueIdentifier>
      <Extensions>h;cpp;c</Extensions>
    </Filter>
    <Filter Include="src_model">
      <UniqueIdentifier>{3ebd7dbe-7aa2-474d-ba7d-6c6f14d8e44a}</UniqueIdentifier>
      <Extensions>h;cpp;c</Extensions>
    </Filter>
  </ItemGroup>
  <ItemGroup>
    <ClInclude Include="..\ht\sysc\HostIntf.h">
      <Filter>ht\sysc</Filter>
    </ClInclude>
    <ClInclude Include="..\ht\sysc\UnitIntf.h">
      <Filter>ht\sysc</Filter>
    </ClInclude>
    <ClInclude Include="..\ht\sysc\PersCommon.h">
      <Filter>ht\sysc</Filter>
    </ClInclude>
    <ClInclude Include="..\ht\sysc\PersAeTop.h">
      <Filter>ht\sysc</Filter>
    </ClInclude>
    <ClInclude Include="..\ht\sysc\PersSuTop.h">
      <Filter>ht\sysc</Filter>
    </ClInclude>
    <ClInclude Include="..\ht\sysc\PersHif.h">
      <Filter>ht\sysc</Filter>
    </ClInclude>
    <ClInclude Include="..\ht\sysc\PersSuHti.h">
      <Filter>ht\sysc</Filter>
    </ClInclude>
    <ClInclude Include="..\ht\sysc\PersSuHta.h">
      <Filter>ht\sysc</Filter>
    </ClInclude>
    <ClInclude Include="..\ht\sysc\PersSuMif0.h">
      <Filter>ht\sysc</Filter>
    </ClInclude>
    <ClInclude Include="..\ht\sysc\PersInc.h">
      <Filter>ht\sysc</Filter>
    </ClInclude>
    <ClInclude Include="..\ht\sysc\SyscAeTop.h">
      <Filter>ht\sysc</Filter>
    </ClInclude>
    <ClInclude Include="..\ht\sysc\SyscTop.h">
      <Filter>ht\sysc</Filter>
    </ClInclude>
    <ClInclude Include="$(HtToolsPath)\ht_lib\host\HtCtrlMsg.h">
      <Filter>ht_lib\host</Filter>
    </ClInclude>
    <ClInclude Include="$(HtToolsPath)\ht_lib\Ht.h">
      <Filter>ht_lib</Filter>
    </ClInclude>
    <ClInclude Include="$(HtToolsPath)\ht_lib\host\HtHif.h">
      <Filter>ht_lib\host</Filter>
    </ClInclude>
    <ClInclude Include="$(HtToolsPath)\ht_lib\host\HtHifLib.h">
      <Filter>ht_lib\host</Filter>
    </ClInclude>
    <ClInclude Include="$(HtToolsPath)\ht_lib\host\HtModel.h">
      <Filter>ht_lib\host</Filter>
    </ClInclude>
    <ClInclude Include="$(HtToolsPath)\ht_lib\host\HtModelLib.h">
      <Filter>ht_lib\host</Filter>
    </ClInclude>
    <ClInclude Include="$(HtToolsPath)\ht_lib\host\HtPlatform.h">
      <Filter>ht_lib\host</Filter>
    </ClInclude>
    <ClInclude Include="$(HtToolsPath)\ht_lib\sysc\mtrand.h">
      <Filter>ht_lib\sysc</Filter>
    </ClInclude>
    <ClInclude Include="$(HtToolsPath)\ht_lib\sysc\MemRdWrIntf.h">
      <Filter>ht_lib\sysc</Filter>
    </ClInclude>
    <ClInclude Include="$(HtToolsPath)\ht_lib\sysc\Params.h">
      <Filter>ht_lib\sysc</Filter>
    </ClInclude>
    <ClInclude Include="$(HtToolsPath)\ht_lib\sysc\PersUnitCnt.h">
      <Filter>ht_lib\sysc</Filter>
    </ClInclude>
    <ClInclude Include="$(HtToolsPath)\ht_lib\sysc\PersXbarStub.h">
      <Filter>ht_lib\sysc</Filter>
    </ClInclude>
    <ClInclude Include="$(HtToolsPath)\ht_lib\sysc\PersMiStub.h">
      <Filter>ht_lib\sysc</Filter>
    </ClInclude>
    <ClInclude Include="$(HtToolsPath)\ht_lib\sysc\PersMoStub.h">
      <Filter>ht_lib\sysc</Filter>
    </ClInclude>
    <ClInclude Include="$(HtToolsPath)\ht_lib\sysc\HtMemTypes.h">
      <Filter>ht_lib\sysc</Filter>
    </ClInclude>
    <ClInclude Include="$(HtToolsPath)\ht_lib\sysc\SyscClock.h">
      <Filter>ht_lib\sysc</Filter>
    </ClInclude>
    <ClInclude Include="$(HtToolsPath)\ht_lib\sysc\SyscDisp.h">
      <Filter>ht_lib\sysc</Filter>
    </ClInclude>
    <ClInclude Include="$(HtToolsPath)\ht_lib\sysc\SyscMemLib.h">
      <Filter>ht_lib\sysc</Filter>
    </ClInclude>
    <ClInclude Include="$(HtToolsPath)\ht_lib\sysc\SyscMem.h">
      <Filter>ht_lib\sysc</Filter>
    </ClInclude>
    <ClInclude Include="$(HtToolsPath)\ht_lib\sysc\SyscMonLib.h">
      <Filter>ht_lib\sysc</Filter>
    </ClInclude>
    <ClInclude Include="$(HtToolsPath)\ht_lib\sysc\SyscMon.h">
      <Filter>ht_lib\sysc</Filter>
    </ClInclude>
  </ItemGroup>
  <ItemGroup>
    <ClCompile Include="..\ht\sysc\UnitIntf.cpp">
      <Filter>ht\sysc</Filter>
    </ClCompile>
    <ClCompile Include="..\ht\sysc\PersHif.cpp">
      <Filter>ht\sysc</Filter>
    </ClCompile>
    <ClCompile Include="..\ht\sysc\PersSuHti.cpp">
      <Filter>ht\sysc</Filter>
    </ClCompile>
    <ClCompile Include="..\ht\sysc\PersSuHta.cpp">
      <Filter>ht\sysc</Filter>
    </ClCompile>
    <ClCompile Include="..\ht\sysc\PersSuMif0.cpp">
      <Filter>ht\sysc</Filter>
    </ClCompile>
    <ClCompile Include="..\ht\sysc\PersInc.cpp">
      <Filter>ht\sysc</Filter>
    </ClCompile>
    <ClCompile Include="..\src_pers\PersInc_src.cpp">
      <Filter>src_pers</Filter>
    </ClCompile>
    <ClCompile Include="..\ht\sysc\SyscMon.cpp">
      <Filter>ht\sysc</Filter>
    </ClCompile>
    <ClCompile Include="$(HtToolsPath)\ht_lib\host\HtHif.cpp">
      <Filter>ht_lib\host</Filter>
    </ClCompile>
    <ClCompile Include="$(HtToolsPath)\ht_lib\host\HtHifLib.cpp">
      <Filter>ht_lib\host</Filter>
    </ClCompile>
    <ClCompile Include="$(HtToolsPath)\ht_lib\host\HtModelLib.cpp">
      <Filter>ht_lib\host</Filter>
    </ClCompile>
    <ClCompile Include="$(HtToolsPath)\ht_lib\host\HtPlatform.cpp">
      <Filter>ht_lib\host</Filter>
    </ClCompile>
    <ClCompile Include="$(HtToolsPath)\ht_lib\sysc\mtrand.cpp">
      <Filter>ht_lib\sysc</Filter>
    </ClCompile>
    <ClCompile Include="$(HtToolsPath)\ht_lib\sysc\PersUnitCnt.cpp">
      <Filter>ht_lib\sysc</Filter>
    </ClCompile>
    <ClCompile Include="$(HtToolsPath)\ht_lib\sysc\PersXbarStub.cpp">
      <Filter>ht_lib\sysc</Filter>
    </ClCompile>
    <ClCompile Include="$(HtToolsPath)\ht_lib\sysc\PersMiStub.cpp">
      <Filter>ht_lib\sysc</Filter>
    </ClCompile>
    <ClCompile Include="$(HtToolsPath)\ht_lib\sysc\PersMoStub.cpp">
      <Filter>ht_lib\sysc</Filter>
    </ClCompile>
    <ClCompile Include="$(HtToolsPath)\ht_lib\sysc\SyscClockLib.cpp">
      <Filter>ht_lib\sysc</Filter>
    </ClCompile>
    <ClCompile Include="$(HtToolsPath)\ht_lib\sysc\SyscDispLib.cpp">
      <Filter>ht_lib\sysc</Filter>
    </ClCompile>
    <ClCompile Include="$(HtToolsPath)\ht_lib\sysc\SyscMemLib.cpp">
      <Filter>ht_lib\sysc</Filter>
    </ClCompile>
    <ClCompile Include="$(HtToolsPath)\ht_lib\sysc\SyscMonLib.cpp">
      <Filter>ht_lib\sysc</Filter>
    </ClCompile>
    <ClCompile Include="..\src\Main.cpp">
      <Filter>src</Filter>
    </ClCompile>
  </ItemGroup>
  <ItemGroup>
    <CustomBuild Include="..\src_pers\dsn2.htl">
      <Filter>src_pers</Filter>
    </CustomBuild>
    <CustomBuild Include="..\ht\sysc\PersSuTop.sc">
      <Filter>ht\sysc</Filter>
    </CustomBuild>
    <CustomBuild Include="..\ht\sysc\PersAeTop.sc">
      <Filter>ht\sysc</Filter>
    </CustomBuild>
    <CustomBuild Include="..\ht\verilog\PersHif.v_">
      <Filter>ht\verilog</Filter>
    </CustomBuild>
    <CustomBuild Include="..\ht\verilog\PersSuHti.v_">
      <Filter>ht\verilog</Filter>
    </CustomBuild>
    <CustomBuild Include="..\ht\verilog\PersSuHta.v_">
      <Filter>ht\verilog</Filter>
    </CustomBuild>
    <CustomBuild Include="..\ht\verilog\PersSuMif0.v_">
      <Filter>ht\verilog</Filter>
    </CustomBuild>
    <CustomBuild Include="..\ht\verilog\PersInc.v_">
      <Filter>ht\verilog</Filter>
    </CustomBuild>
  </ItemGroup>
  <ItemGroup>
    <CustomBuild Include="$(HtToolsPath)\ht_lib\sysc\SyscAeTop.sc">
      <Filter>ht_lib\sysc</Filter>
    </CustomBuild>
    <CustomBuild Include="$(HtToolsPath)\ht_lib\sysc\SyscTop.sc">
      <Filter>ht_lib\sysc</Filter>
    </CustomBuild>
    <CustomBuild Include="..\ht\verilog\PersUnitCnt.v_">
      <Filter>ht\verilog</Filter>
    </CustomBuild>
    <CustomBuild Include="..\ht\verilog\PersXbarStub.v_">
      <Filter>ht\verilog</Filter>
    </CustomBuild>
    <CustomBuild Include="..\ht\verilog\PersMiStub.v_">
      <Filter>ht\verilog</Filter>
    </CustomBuild>
    <CustomBuild Include="..\ht\verilog\PersMoStub.v_">
      <Filter>ht\verilog</Filter>
    </CustomBuild>
  </ItemGroup>
  <ItemGroup>
    <None Include="..\src_pers\dsn2.htd">
      <Filter>src_pers</Filter>
    </None>
    <None Include="..\ht\verilog\PersSuTop.v">
      <Filter>ht\verilog</Filter>
    </None>
    <None Include="..\ht\verilog\PersAeTop.v">
      <Filter>ht\verilog</Filter>
    </None>
    <None Include="..\ht\verilog\SyscAeTop.v">
      <Filter>ht\verilog</Filter>
    </None>
    <None Include="..\ht\verilog\SyscTop.v">
      <Filter>ht\verilog</Filter>
    </None>
    <None Include="..\ht\verilog\PersHif.v">
      <Filter>ht\verilog</Filter>
    </None>
    <None Include="..\ht\verilog\PersSuHti.v">
      <Filter>ht\verilog</Filter>
    </None>
    <None Include="..\ht\verilog\PersSuHta.v">
      <Filter>ht\verilog</Filter>
    </None>
    <None Include="..\ht\verilog\PersSuMif0.v">
      <Filter>ht\verilog</Filter>
    </None>
    <None Include="..\ht\verilog\PersInc.v">
      <Filter>ht\verilog</Filter>
    </None>
    <None Include="..\ht\verilog\PersUnitCnt.v">
      <Filter>ht\verilog</Filter>
    </None>
    <None Include="..\ht\verilog\PersXbarStub.v">
      <Filter>ht\verilog</Filter>
    </None>
    <None Include="..\ht\verilog\PersMiStub.v">
      <Filter>ht\verilog</Filter>
    </None>
    <None Include="..\ht\verilog\PersMoStub.v">
      <Filter>ht\verilog</Filter>
    </None>
  </ItemGroup>
</Project>