<?xml version="1.0" encoding="utf-8"?>
<Project ToolsVersion="4.0" xmlns="http://schemas.microsoft.com/developer/msbuild/2003">
  <ItemGroup>
    <Filter Include="Source Files">
      <UniqueIdentifier>{24c18612-d3ad-409a-91a7-326f3472e1ef}</UniqueIdentifier>
      <Extensions>cpp;c;cxx;rc;def;r;odl;idl;hpj;bat</Extensions>
    </Filter>
    <Filter Include="Header Files">
      <UniqueIdentifier>{8457d6e1-f197-4562-a6b8-15994adcb48e}</UniqueIdentifier>
      <Extensions>h;hpp;hxx;hm;inl</Extensions>
    </Filter>
  </ItemGroup>
  <ItemGroup>
    <ClCompile Include="Htt.cpp">
      <Filter>Source Files</Filter>
    </ClCompile>
    <ClCompile Include="HttArgs.cpp">
      <Filter>Source Files</Filter>
    </ClCompile>
    <ClCompile Include="HttDesign.cpp">
      <Filter>Source Files</Filter>
    </ClCompile>
    <ClCompile Include="HttGraph.cpp">
      <Filter>Source Files</Filter>
    </ClCompile>
  </ItemGroup>
  <ItemGroup>
    <ClInclude Include="Htt.h">
      <Filter>Header Files</Filter>
    </ClInclude>
    <ClInclude Include="HttArgs.h">
      <Filter>Header Files</Filter>
    </ClInclude>
    <ClInclude Include="HttDesign.h">
      <Filter>Header Files</Filter>
    </ClInclude>
    <ClInclude Include="HttIdent.h">
      <Filter>Header Files</Filter>
    </ClInclude>
    <ClInclude Include="HttObject.h">
      <Filter>Header Files</Filter>
    </ClInclude>
    <ClInclude Include="HttOperand.h">
      <Filter>Header Files</Filter>
    </ClInclude>
    <ClInclude Include="HttStatement.h">
      <Filter>Header Files</Filter>
    </ClInclude>
    <ClInclude Include="HttInstance.h">
      <Filter>Header Files</Filter>
    </ClInclude>
  </ItemGroup>
</Project>