<?xml version="1.0" encoding="utf-8"?>
<Project ToolsVersion="4.0" xmlns="http://schemas.microsoft.com/developer/msbuild/2003">
  <ItemGroup>
    <Filter Include="ht_lib">
      <UniqueIdentifier>{62aaea73-d2d5-4d79-8625-a28f4558ba79}</UniqueIdentifier>
    </Filter>
    <Filter Include="ht">
      <UniqueIdentifier>{5f065868-c8b1-417f-8105-122d7ce0ff98}</UniqueIdentifier>
    </Filter>
    <Filter Include="ht_lib\host">
      <UniqueIdentifier>{1d1e1c09-96fb-484b-9fda-dfb7f9fb01de}</UniqueIdentifier>
      <Extensions>h;cpp;c</Extensions>
    </Filter>
    <Filter Include="ht_lib\sysc">
      <UniqueIdentifier>{6bdf8f92-0987-4215-97d3-4ef766b99aa3}</UniqueIdentifier>
      <Extensions>h;cpp;c</Extensions>
    </Filter>
    <Filter Include="ht\verilog">
      <UniqueIdentifier>{2a25d67e-a0bf-4388-a316-dca2f0dcd6bf}</UniqueIdentifier>
    </Filter>
    <Filter Include="ht\sysc">
      <UniqueIdentifier>{ff996bb2-c0d6-41cb-a3e8-7f8f4c27f032}</UniqueIdentifier>
      <Extensions>h;cpp;c</Extensions>
    </Filter>
    <Filter Include="src">
      <UniqueIdentifier>{3c777072-75ba-4fac-a4ff-b4d446e9188b}</UniqueIdentifier>
      <Extensions>h;cpp;c</Extensions>
    </Filter>
    <Filter Include="src_pers">
      <UniqueIdentifier>{5f259f8f-e0b3-4b93-b89b-4c839ea619b6}</UniqueIdentifier>
      <Extensions>h;cpp;c</Extensions>
    </Filter>
    <Filter Include="src_model">
      <UniqueIdentifier>{d82caebc-1a48-4196-b40e-0a55e7c479a1}</UniqueIdentifier>
      <Extensions>h;cpp;c</Extensions>
    </Filter>
  </ItemGroup>
  <ItemGroup>
    <ClInclude Include="..\ht\sysc\HostIntf.h">
      <Filter>ht\sysc</Filter>
    </ClInclude>
    <ClInclude Include="..\ht\sysc\UnitIntf.h">
      <Filter>ht\sysc</Filter>
    </ClInclude>
    <ClInclude Include="..\ht\sysc\PersCommon.h">
      <Filter>ht\sysc</Filter>
    </ClInclude>
    <ClInclude Include="..\ht\sysc\PersAeTop.h">
      <Filter>ht\sysc</Filter>
    </ClInclude>
    <ClInclude Include="..\ht\sysc\PersAuTop.h">
      <Filter>ht\sysc</Filter>
    </ClInclude>
    <ClInclude Include="..\ht\sysc\PersHif.h">
      <Filter>ht\sysc</Filter>
    </ClInclude>
    <ClInclude Include="..\ht\sysc\PersAuHti.h">
      <Filter>ht\sysc</Filter>
    </ClInclude>
    <ClInclude Include="..\ht\sysc\PersAuHta.h">
      <Filter>ht\sysc</Filter>
    </ClInclude>
    <ClInclude Include="..\ht\sysc\PersAuMif0.h">
      <Filter>ht\sysc</Filter>
    </ClInclude>
    <ClInclude Include="..\ht\sysc\PersCtl.h">
      <Filter>ht\sysc</Filter>
    </ClInclude>
    <ClInclude Include="..\ht\sysc\PersTest00.h">
      <Filter>ht\sysc</Filter>
    </ClInclude>
    <ClInclude Include="..\ht\sysc\PersTest01.h">
      <Filter>ht\sysc</Filter>
    </ClInclude>
    <ClInclude Include="..\ht\sysc\PersTest02.h">
      <Filter>ht\sysc</Filter>
    </ClInclude>
    <ClInclude Include="..\ht\sysc\PersTest03.h">
      <Filter>ht\sysc</Filter>
    </ClInclude>
    <ClInclude Include="..\ht\sysc\PersTest04.h">
      <Filter>ht\sysc</Filter>
    </ClInclude>
    <ClInclude Include="..\ht\sysc\PersTest05.h">
      <Filter>ht\sysc</Filter>
    </ClInclude>
    <ClInclude Include="..\ht\sysc\PersTest06.h">
      <Filter>ht\sysc</Filter>
    </ClInclude>
    <ClInclude Include="..\ht\sysc\PersTest07.h">
      <Filter>ht\sysc</Filter>
    </ClInclude>
    <ClInclude Include="..\ht\sysc\PersTest08.h">
      <Filter>ht\sysc</Filter>
    </ClInclude>
    <ClInclude Include="..\ht\sysc\PersTest09.h">
      <Filter>ht\sysc</Filter>
    </ClInclude>
    <ClInclude Include="..\ht\sysc\PersTest10.h">
      <Filter>ht\sysc</Filter>
    </ClInclude>
    <ClInclude Include="..\ht\sysc\PersTest11.h">
      <Filter>ht\sysc</Filter>
    </ClInclude>
    <ClInclude Include="..\ht\sysc\PersTest12.h">
      <Filter>ht\sysc</Filter>
    </ClInclude>
    <ClInclude Include="..\ht\sysc\PersGblTest09_0_src_u0_data.h">
      <Filter>ht\sysc</Filter>
    </ClInclude>
    <ClInclude Include="..\ht\sysc\PersGblTest10__test10_0_dst_u0_data.h">
      <Filter>ht\sysc</Filter>
    </ClInclude>
    <ClInclude Include="..\ht\sysc\SyscAeTop.h">
      <Filter>ht\sysc</Filter>
    </ClInclude>
    <ClInclude Include="..\ht\sysc\SyscTop.h">
      <Filter>ht\sysc</Filter>
    </ClInclude>
    <ClInclude Include="$(HtToolsPath)\ht_lib\host\HtCtrlMsg.h">
      <Filter>ht_lib\host</Filter>
    </ClInclude>
    <ClInclude Include="$(HtToolsPath)\ht_lib\Ht.h">
      <Filter>ht_lib</Filter>
    </ClInclude>
    <ClInclude Include="$(HtToolsPath)\ht_lib\host\HtHif.h">
      <Filter>ht_lib\host</Filter>
    </ClInclude>
    <ClInclude Include="$(HtToolsPath)\ht_lib\host\HtHifLib.h">
      <Filter>ht_lib\host</Filter>
    </ClInclude>
    <ClInclude Include="$(HtToolsPath)\ht_lib\host\HtModel.h">
      <Filter>ht_lib\host</Filter>
    </ClInclude>
    <ClInclude Include="$(HtToolsPath)\ht_lib\host\HtModelLib.h">
      <Filter>ht_lib\host</Filter>
    </ClInclude>
    <ClInclude Include="$(HtToolsPath)\ht_lib\host\HtPlatform.h">
      <Filter>ht_lib\host</Filter>
    </ClInclude>
    <ClInclude Include="$(HtToolsPath)\ht_lib\sysc\mtrand.h">
      <Filter>ht_lib\sysc</Filter>
    </ClInclude>
    <ClInclude Include="$(HtToolsPath)\ht_lib\sysc\MemRdWrIntf.h">
      <Filter>ht_lib\sysc</Filter>
    </ClInclude>
    <ClInclude Include="$(HtToolsPath)\ht_lib\sysc\Params.h">
      <Filter>ht_lib\sysc</Filter>
    </ClInclude>
    <ClInclude Include="$(HtToolsPath)\ht_lib\sysc\PersUnitCnt.h">
      <Filter>ht_lib\sysc</Filter>
    </ClInclude>
    <ClInclude Include="$(HtToolsPath)\ht_lib\sysc\PersXbarStub.h">
      <Filter>ht_lib\sysc</Filter>
    </ClInclude>
    <ClInclude Include="$(HtToolsPath)\ht_lib\sysc\PersMiStub.h">
      <Filter>ht_lib\sysc</Filter>
    </ClInclude>
    <ClInclude Include="$(HtToolsPath)\ht_lib\sysc\PersMoStub.h">
      <Filter>ht_lib\sysc</Filter>
    </ClInclude>
    <ClInclude Include="$(HtToolsPath)\ht_lib\sysc\HtMemTypes.h">
      <Filter>ht_lib\sysc</Filter>
    </ClInclude>
    <ClInclude Include="$(HtToolsPath)\ht_lib\sysc\SyscClock.h">
      <Filter>ht_lib\sysc</Filter>
    </ClInclude>
    <ClInclude Include="$(HtToolsPath)\ht_lib\sysc\SyscDisp.h">
      <Filter>ht_lib\sysc</Filter>
    </ClInclude>
    <ClInclude Include="$(HtToolsPath)\ht_lib\sysc\SyscMemLib.h">
      <Filter>ht_lib\sysc</Filter>
    </ClInclude>
    <ClInclude Include="$(HtToolsPath)\ht_lib\sysc\SyscMem.h">
      <Filter>ht_lib\sysc</Filter>
    </ClInclude>
    <ClInclude Include="$(HtToolsPath)\ht_lib\sysc\SyscMonLib.h">
      <Filter>ht_lib\sysc</Filter>
    </ClInclude>
    <ClInclude Include="$(HtToolsPath)\ht_lib\sysc\SyscMon.h">
      <Filter>ht_lib\sysc</Filter>
    </ClInclude>
  </ItemGroup>
  <ItemGroup>
    <ClCompile Include="..\ht\sysc\UnitIntf.cpp">
      <Filter>ht\sysc</Filter>
    </ClCompile>
    <ClCompile Include="..\ht\sysc\PersHif.cpp">
      <Filter>ht\sysc</Filter>
    </ClCompile>
    <ClCompile Include="..\ht\sysc\PersAuHti.cpp">
      <Filter>ht\sysc</Filter>
    </ClCompile>
    <ClCompile Include="..\ht\sysc\PersAuHta.cpp">
      <Filter>ht\sysc</Filter>
    </ClCompile>
    <ClCompile Include="..\ht\sysc\PersAuMif0.cpp">
      <Filter>ht\sysc</Filter>
    </ClCompile>
    <ClCompile Include="..\ht\sysc\PersCtl.cpp">
      <Filter>ht\sysc</Filter>
    </ClCompile>
    <ClCompile Include="..\src_pers\PersCtl_src.cpp">
      <Filter>src_pers</Filter>
    </ClCompile>
    <ClCompile Include="..\ht\sysc\PersTest00.cpp">
      <Filter>ht\sysc</Filter>
    </ClCompile>
    <ClCompile Include="..\src_pers\PersTest00_src.cpp">
      <Filter>src_pers</Filter>
    </ClCompile>
    <ClCompile Include="..\ht\sysc\PersTest01.cpp">
      <Filter>ht\sysc</Filter>
    </ClCompile>
    <ClCompile Include="..\src_pers\PersTest01_src.cpp">
      <Filter>src_pers</Filter>
    </ClCompile>
    <ClCompile Include="..\ht\sysc\PersTest02.cpp">
      <Filter>ht\sysc</Filter>
    </ClCompile>
    <ClCompile Include="..\src_pers\PersTest02_src.cpp">
      <Filter>src_pers</Filter>
    </ClCompile>
    <ClCompile Include="..\ht\sysc\PersTest03.cpp">
      <Filter>ht\sysc</Filter>
    </ClCompile>
    <ClCompile Include="..\src_pers\PersTest03_src.cpp">
      <Filter>src_pers</Filter>
    </ClCompile>
    <ClCompile Include="..\ht\sysc\PersTest04.cpp">
      <Filter>ht\sysc</Filter>
    </ClCompile>
    <ClCompile Include="..\src_pers\PersTest04_src.cpp">
      <Filter>src_pers</Filter>
    </ClCompile>
    <ClCompile Include="..\ht\sysc\PersTest05.cpp">
      <Filter>ht\sysc</Filter>
    </ClCompile>
    <ClCompile Include="..\src_pers\PersTest05_src.cpp">
      <Filter>src_pers</Filter>
    </ClCompile>
    <ClCompile Include="..\ht\sysc\PersTest06.cpp">
      <Filter>ht\sysc</Filter>
    </ClCompile>
    <ClCompile Include="..\src_pers\PersTest06_src.cpp">
      <Filter>src_pers</Filter>
    </ClCompile>
    <ClCompile Include="..\ht\sysc\PersTest07.cpp">
      <Filter>ht\sysc</Filter>
    </ClCompile>
    <ClCompile Include="..\src_pers\PersTest07_src.cpp">
      <Filter>src_pers</Filter>
    </ClCompile>
    <ClCompile Include="..\ht\sysc\PersTest08.cpp">
      <Filter>ht\sysc</Filter>
    </ClCompile>
    <ClCompile Include="..\src_pers\PersTest08_src.cpp">
      <Filter>src_pers</Filter>
    </ClCompile>
    <ClCompile Include="..\ht\sysc\PersTest09.cpp">
      <Filter>ht\sysc</Filter>
    </ClCompile>
    <ClCompile Include="..\src_pers\PersTest09_src.cpp">
      <Filter>src_pers</Filter>
    </ClCompile>
    <ClCompile Include="..\ht\sysc\PersTest10.cpp">
      <Filter>ht\sysc</Filter>
    </ClCompile>
    <ClCompile Include="..\src_pers\PersTest10_src.cpp">
      <Filter>src_pers</Filter>
    </ClCompile>
    <ClCompile Include="..\ht\sysc\PersTest11.cpp">
      <Filter>ht\sysc</Filter>
    </ClCompile>
    <ClCompile Include="..\src_pers\PersTest11_src.cpp">
      <Filter>src_pers</Filter>
    </ClCompile>
    <ClCompile Include="..\ht\sysc\PersTest12.cpp">
      <Filter>ht\sysc</Filter>
    </ClCompile>
    <ClCompile Include="..\src_pers\PersTest12_src.cpp">
      <Filter>src_pers</Filter>
    </ClCompile>
    <ClCompile Include="..\ht\sysc\PersGblTest09_0_src_u0_data.cpp">
      <Filter>ht\sysc</Filter>
    </ClCompile>
    <ClCompile Include="..\ht\sysc\PersGblTest10__test10_0_dst_u0_data.cpp">
      <Filter>ht\sysc</Filter>
    </ClCompile>
    <ClCompile Include="..\ht\sysc\SyscMon.cpp">
      <Filter>ht\sysc</Filter>
    </ClCompile>
    <ClCompile Include="$(HtToolsPath)\ht_lib\host\HtHif.cpp">
      <Filter>ht_lib\host</Filter>
    </ClCompile>
    <ClCompile Include="$(HtToolsPath)\ht_lib\host\HtHifLib.cpp">
      <Filter>ht_lib\host</Filter>
    </ClCompile>
    <ClCompile Include="$(HtToolsPath)\ht_lib\host\HtModelLib.cpp">
      <Filter>ht_lib\host</Filter>
    </ClCompile>
    <ClCompile Include="$(HtToolsPath)\ht_lib\host\HtPlatform.cpp">
      <Filter>ht_lib\host</Filter>
    </ClCompile>
    <ClCompile Include="$(HtToolsPath)\ht_lib\sysc\mtrand.cpp">
      <Filter>ht_lib\sysc</Filter>
    </ClCompile>
    <ClCompile Include="$(HtToolsPath)\ht_lib\sysc\PersUnitCnt.cpp">
      <Filter>ht_lib\sysc</Filter>
    </ClCompile>
    <ClCompile Include="$(HtToolsPath)\ht_lib\sysc\PersXbarStub.cpp">
      <Filter>ht_lib\sysc</Filter>
    </ClCompile>
    <ClCompile Include="$(HtToolsPath)\ht_lib\sysc\PersMiStub.cpp">
      <Filter>ht_lib\sysc</Filter>
    </ClCompile>
    <ClCompile Include="$(HtToolsPath)\ht_lib\sysc\PersMoStub.cpp">
      <Filter>ht_lib\sysc</Filter>
    </ClCompile>
    <ClCompile Include="$(HtToolsPath)\ht_lib\sysc\SyscClockLib.cpp">
      <Filter>ht_lib\sysc</Filter>
    </ClCompile>
    <ClCompile Include="$(HtToolsPath)\ht_lib\sysc\SyscDispLib.cpp">
      <Filter>ht_lib\sysc</Filter>
    </ClCompile>
    <ClCompile Include="$(HtToolsPath)\ht_lib\sysc\SyscMemLib.cpp">
      <Filter>ht_lib\sysc</Filter>
    </ClCompile>
    <ClCompile Include="$(HtToolsPath)\ht_lib\sysc\SyscMonLib.cpp">
      <Filter>ht_lib\sysc</Filter>
    </ClCompile>
    <ClCompile Include="..\src\Main.cpp">
      <Filter>src</Filter>
    </ClCompile>
  </ItemGroup>
  <ItemGroup>
    <CustomBuild Include="..\src_pers\memPSGRand.htl">
      <Filter>src_pers</Filter>
    </CustomBuild>
    <CustomBuild Include="..\ht\sysc\PersAuTop.sc">
      <Filter>ht\sysc</Filter>
    </CustomBuild>
    <CustomBuild Include="..\ht\sysc\PersAeTop.sc">
      <Filter>ht\sysc</Filter>
    </CustomBuild>
    <CustomBuild Include="..\ht\verilog\PersHif.v_">
      <Filter>ht\verilog</Filter>
    </CustomBuild>
    <CustomBuild Include="..\ht\verilog\PersAuHti.v_">
      <Filter>ht\verilog</Filter>
    </CustomBuild>
    <CustomBuild Include="..\ht\verilog\PersAuHta.v_">
      <Filter>ht\verilog</Filter>
    </CustomBuild>
    <CustomBuild Include="..\ht\verilog\PersAuMif0.v_">
      <Filter>ht\verilog</Filter>
    </CustomBuild>
    <CustomBuild Include="..\ht\verilog\PersCtl.v_">
      <Filter>ht\verilog</Filter>
    </CustomBuild>
    <CustomBuild Include="..\ht\verilog\PersTest00.v_">
      <Filter>ht\verilog</Filter>
    </CustomBuild>
    <CustomBuild Include="..\ht\verilog\PersTest01.v_">
      <Filter>ht\verilog</Filter>
    </CustomBuild>
    <CustomBuild Include="..\ht\verilog\PersTest02.v_">
      <Filter>ht\verilog</Filter>
    </CustomBuild>
    <CustomBuild Include="..\ht\verilog\PersTest03.v_">
      <Filter>ht\verilog</Filter>
    </CustomBuild>
    <CustomBuild Include="..\ht\verilog\PersTest04.v_">
      <Filter>ht\verilog</Filter>
    </CustomBuild>
    <CustomBuild Include="..\ht\verilog\PersTest05.v_">
      <Filter>ht\verilog</Filter>
    </CustomBuild>
    <CustomBuild Include="..\ht\verilog\PersTest06.v_">
      <Filter>ht\verilog</Filter>
    </CustomBuild>
    <CustomBuild Include="..\ht\verilog\PersTest07.v_">
      <Filter>ht\verilog</Filter>
    </CustomBuild>
    <CustomBuild Include="..\ht\verilog\PersTest08.v_">
      <Filter>ht\verilog</Filter>
    </CustomBuild>
    <CustomBuild Include="..\ht\verilog\PersTest09.v_">
      <Filter>ht\verilog</Filter>
    </CustomBuild>
    <CustomBuild Include="..\ht\verilog\PersTest10.v_">
      <Filter>ht\verilog</Filter>
    </CustomBuild>
    <CustomBuild Include="..\ht\verilog\PersTest11.v_">
      <Filter>ht\verilog</Filter>
    </CustomBuild>
    <CustomBuild Include="..\ht\verilog\PersTest12.v_">
      <Filter>ht\verilog</Filter>
    </CustomBuild>
    <CustomBuild Include="..\ht\verilog\PersGblTest09_0_src_u0_data.v_">
      <Filter>ht\verilog</Filter>
    </CustomBuild>
    <CustomBuild Include="..\ht\verilog\PersGblTest10__test10_0_dst_u0_data.v_">
      <Filter>ht\verilog</Filter>
    </CustomBuild>
  </ItemGroup>
  <ItemGroup>
    <CustomBuild Include="$(HtToolsPath)\ht_lib\sysc\SyscAeTop.sc">
      <Filter>ht_lib\sysc</Filter>
    </CustomBuild>
    <CustomBuild Include="$(HtToolsPath)\ht_lib\sysc\SyscTop.sc">
      <Filter>ht_lib\sysc</Filter>
    </CustomBuild>
    <CustomBuild Include="..\ht\verilog\PersUnitCnt.v_">
      <Filter>ht\verilog</Filter>
    </CustomBuild>
    <CustomBuild Include="..\ht\verilog\PersXbarStub.v_">
      <Filter>ht\verilog</Filter>
    </CustomBuild>
    <CustomBuild Include="..\ht\verilog\PersMiStub.v_">
      <Filter>ht\verilog</Filter>
    </CustomBuild>
    <CustomBuild Include="..\ht\verilog\PersMoStub.v_">
      <Filter>ht\verilog</Filter>
    </CustomBuild>
  </ItemGroup>
  <ItemGroup>
    <None Include="..\src_pers\memPSGRand.htd">
      <Filter>src_pers</Filter>
    </None>
    <None Include="..\ht\verilog\PersAuTop.v">
      <Filter>ht\verilog</Filter>
    </None>
    <None Include="..\ht\verilog\PersAeTop.v">
      <Filter>ht\verilog</Filter>
    </None>
    <None Include="..\ht\verilog\SyscAeTop.v">
      <Filter>ht\verilog</Filter>
    </None>
    <None Include="..\ht\verilog\SyscTop.v">
      <Filter>ht\verilog</Filter>
    </None>
    <None Include="..\ht\verilog\PersHif.v">
      <Filter>ht\verilog</Filter>
    </None>
    <None Include="..\ht\verilog\PersAuHti.v">
      <Filter>ht\verilog</Filter>
    </None>
    <None Include="..\ht\verilog\PersAuHta.v">
      <Filter>ht\verilog</Filter>
    </None>
    <None Include="..\ht\verilog\PersAuMif0.v">
      <Filter>ht\verilog</Filter>
    </None>
    <None Include="..\ht\verilog\PersCtl.v">
      <Filter>ht\verilog</Filter>
    </None>
    <None Include="..\ht\verilog\PersTest00.v">
      <Filter>ht\verilog</Filter>
    </None>
    <None Include="..\ht\verilog\PersTest01.v">
      <Filter>ht\verilog</Filter>
    </None>
    <None Include="..\ht\verilog\PersTest02.v">
      <Filter>ht\verilog</Filter>
    </None>
    <None Include="..\ht\verilog\PersTest03.v">
      <Filter>ht\verilog</Filter>
    </None>
    <None Include="..\ht\verilog\PersTest04.v">
      <Filter>ht\verilog</Filter>
    </None>
    <None Include="..\ht\verilog\PersTest05.v">
      <Filter>ht\verilog</Filter>
    </None>
    <None Include="..\ht\verilog\PersTest06.v">
      <Filter>ht\verilog</Filter>
    </None>
    <None Include="..\ht\verilog\PersTest07.v">
      <Filter>ht\verilog</Filter>
    </None>
    <None Include="..\ht\verilog\PersTest08.v">
      <Filter>ht\verilog</Filter>
    </None>
    <None Include="..\ht\verilog\PersTest09.v">
      <Filter>ht\verilog</Filter>
    </None>
    <None Include="..\ht\verilog\PersTest10.v">
      <Filter>ht\verilog</Filter>
    </None>
    <None Include="..\ht\verilog\PersTest11.v">
      <Filter>ht\verilog</Filter>
    </None>
    <None Include="..\ht\verilog\PersTest12.v">
      <Filter>ht\verilog</Filter>
    </None>
    <None Include="..\ht\verilog\PersGblTest09_0_src_u0_data.v">
      <Filter>ht\verilog</Filter>
    </None>
    <None Include="..\ht\verilog\PersGblTest10__test10_0_dst_u0_data.v">
      <Filter>ht\verilog</Filter>
    </None>
    <None Include="..\ht\verilog\PersUnitCnt.v">
      <Filter>ht\verilog</Filter>
    </None>
    <None Include="..\ht\verilog\PersXbarStub.v">
      <Filter>ht\verilog</Filter>
    </None>
    <None Include="..\ht\verilog\PersMiStub.v">
      <Filter>ht\verilog</Filter>
    </None>
    <None Include="..\ht\verilog\PersMoStub.v">
      <Filter>ht\verilog</Filter>
    </None>
    <None Include="..\src_pers\memPSGRand.hti">
      <Filter>src_pers</Filter>
    </None>
  </ItemGroup>
</Project>
