<?xml version="1.0" encoding="utf-8"?>
<Project ToolsVersion="4.0" xmlns="http://schemas.microsoft.com/developer/msbuild/2003">
  <ItemGroup>
    <Filter Include="ht_lib">
      <UniqueIdentifier>{0435dfdb-636d-4d5b-b45f-15904b460e8b}</UniqueIdentifier>
    </Filter>
    <Filter Include="ht">
      <UniqueIdentifier>{0b4d1df1-34de-47b4-9d4c-e08ee7cc2ec3}</UniqueIdentifier>
    </Filter>
    <Filter Include="ht_lib\host">
      <UniqueIdentifier>{2ac96fd1-2c24-4d8c-9c4a-f0fae0361937}</UniqueIdentifier>
      <Extensions>h;cpp;c</Extensions>
    </Filter>
    <Filter Include="ht_lib\sysc">
      <UniqueIdentifier>{09d29a89-172c-4686-99fe-64a9afca5b48}</UniqueIdentifier>
      <Extensions>h;cpp;c</Extensions>
    </Filter>
    <Filter Include="ht\verilog">
      <UniqueIdentifier>{3d756388-0d16-4730-a37f-96fc10892999}</UniqueIdentifier>
    </Filter>
    <Filter Include="ht\sysc">
      <UniqueIdentifier>{1c4e151e-c63a-4404-a497-ef3c4c744cdf}</UniqueIdentifier>
      <Extensions>h;cpp;c</Extensions>
    </Filter>
    <Filter Include="src">
      <UniqueIdentifier>{24428d39-0614-4acc-9327-f42e001b5553}</UniqueIdentifier>
      <Extensions>h;cpp;c</Extensions>
    </Filter>
    <Filter Include="src_pers">
      <UniqueIdentifier>{3f8c2aae-cb9d-4bb9-8dc1-34b695c2047f}</UniqueIdentifier>
      <Extensions>h;cpp;c</Extensions>
    </Filter>
    <Filter Include="src_model">
      <UniqueIdentifier>{b7608657-eb9f-41c9-9b56-bb67065a84be}</UniqueIdentifier>
      <Extensions>h;cpp;c</Extensions>
    </Filter>
  </ItemGroup>
  <ItemGroup>
    <ClInclude Include="..\ht\sysc\HostIntf.h">
      <Filter>ht\sysc</Filter>
    </ClInclude>
    <ClInclude Include="..\ht\sysc\UnitIntf.h">
      <Filter>ht\sysc</Filter>
    </ClInclude>
    <ClInclude Include="..\ht\sysc\PersCommon.h">
      <Filter>ht\sysc</Filter>
    </ClInclude>
    <ClInclude Include="..\ht\sysc\PersAeTop.h">
      <Filter>ht\sysc</Filter>
    </ClInclude>
    <ClInclude Include="..\ht\sysc\PersSuTop.h">
      <Filter>ht\sysc</Filter>
    </ClInclude>
    <ClInclude Include="..\ht\sysc\PersHif.h">
      <Filter>ht\sysc</Filter>
    </ClInclude>
    <ClInclude Include="..\ht\sysc\PersSuHti.h">
      <Filter>ht\sysc</Filter>
    </ClInclude>
    <ClInclude Include="..\ht\sysc\PersSuHta.h">
      <Filter>ht\sysc</Filter>
    </ClInclude>
    <ClInclude Include="..\ht\sysc\PersSuMif0.h">
      <Filter>ht\sysc</Filter>
    </ClInclude>
    <ClInclude Include="..\ht\sysc\PersInc.h">
      <Filter>ht\sysc</Filter>
    </ClInclude>
    <ClInclude Include="..\ht\sysc\SyscAeTop.h">
      <Filter>ht\sysc</Filter>
    </ClInclude>
    <ClInclude Include="..\ht\sysc\SyscTop.h">
      <Filter>ht\sysc</Filter>
    </ClInclude>
    <ClInclude Include="$(HtToolsPath_v1x)\ht_lib\host\HtCtrlMsg.h">
      <Filter>ht_lib\host</Filter>
    </ClInclude>
    <ClInclude Include="$(HtToolsPath_v1x)\ht_lib\Ht.h">
      <Filter>ht_lib</Filter>
    </ClInclude>
    <ClInclude Include="$(HtToolsPath_v1x)\ht_lib\host\HtHif.h">
      <Filter>ht_lib\host</Filter>
    </ClInclude>
    <ClInclude Include="$(HtToolsPath_v1x)\ht_lib\host\HtHifLib.h">
      <Filter>ht_lib\host</Filter>
    </ClInclude>
    <ClInclude Include="$(HtToolsPath_v1x)\ht_lib\host\HtModel.h">
      <Filter>ht_lib\host</Filter>
    </ClInclude>
    <ClInclude Include="$(HtToolsPath_v1x)\ht_lib\host\HtModelLib.h">
      <Filter>ht_lib\host</Filter>
    </ClInclude>
    <ClInclude Include="$(HtToolsPath_v1x)\ht_lib\host\HtPlatform.h">
      <Filter>ht_lib\host</Filter>
    </ClInclude>
    <ClInclude Include="$(HtToolsPath_v1x)\ht_lib\sysc\mtrand.h">
      <Filter>ht_lib\sysc</Filter>
    </ClInclude>
    <ClInclude Include="$(HtToolsPath_v1x)\ht_lib\sysc\MemRdWrIntf.h">
      <Filter>ht_lib\sysc</Filter>
    </ClInclude>
    <ClInclude Include="$(HtToolsPath_v1x)\ht_lib\sysc\Params.h">
      <Filter>ht_lib\sysc</Filter>
    </ClInclude>
    <ClInclude Include="$(HtToolsPath_v1x)\ht_lib\sysc\PersUnitCnt.h">
      <Filter>ht_lib\sysc</Filter>
    </ClInclude>
    <ClInclude Include="$(HtToolsPath_v1x)\ht_lib\sysc\PersXbarStub.h">
      <Filter>ht_lib\sysc</Filter>
    </ClInclude>
    <ClInclude Include="$(HtToolsPath_v1x)\ht_lib\sysc\PersMiStub.h">
      <Filter>ht_lib\sysc</Filter>
    </ClInclude>
    <ClInclude Include="$(HtToolsPath_v1x)\ht_lib\sysc\PersMoStub.h">
      <Filter>ht_lib\sysc</Filter>
    </ClInclude>
    <ClInclude Include="$(HtToolsPath_v1x)\ht_lib\sysc\HtMemTypes.h">
      <Filter>ht_lib\sysc</Filter>
    </ClInclude>
    <ClInclude Include="$(HtToolsPath_v1x)\ht_lib\sysc\SyscClock.h">
      <Filter>ht_lib\sysc</Filter>
    </ClInclude>
    <ClInclude Include="$(HtToolsPath_v1x)\ht_lib\sysc\SyscDisp.h">
      <Filter>ht_lib\sysc</Filter>
    </ClInclude>
    <ClInclude Include="$(HtToolsPath_v1x)\ht_lib\sysc\SyscMemLib.h">
      <Filter>ht_lib\sysc</Filter>
    </ClInclude>
    <ClInclude Include="$(HtToolsPath_v1x)\ht_lib\sysc\SyscMem.h">
      <Filter>ht_lib\sysc</Filter>
    </ClInclude>
    <ClInclude Include="$(HtToolsPath_v1x)\ht_lib\sysc\SyscMonLib.h">
      <Filter>ht_lib\sysc</Filter>
    </ClInclude>
    <ClInclude Include="$(HtToolsPath_v1x)\ht_lib\sysc\SyscMon.h">
      <Filter>ht_lib\sysc</Filter>
    </ClInclude>
  </ItemGroup>
  <ItemGroup>
    <ClCompile Include="..\ht\sysc\UnitIntf.cpp">
      <Filter>ht\sysc</Filter>
    </ClCompile>
    <ClCompile Include="..\ht\sysc\PersHif.cpp">
      <Filter>ht\sysc</Filter>
    </ClCompile>
    <ClCompile Include="..\ht\sysc\PersSuHti.cpp">
      <Filter>ht\sysc</Filter>
    </ClCompile>
    <ClCompile Include="..\ht\sysc\PersSuHta.cpp">
      <Filter>ht\sysc</Filter>
    </ClCompile>
    <ClCompile Include="..\ht\sysc\PersSuMif0.cpp">
      <Filter>ht\sysc</Filter>
    </ClCompile>
    <ClCompile Include="..\ht\sysc\PersInc.cpp">
      <Filter>ht\sysc</Filter>
    </ClCompile>
    <ClCompile Include="..\src_pers\PersInc_src.cpp">
      <Filter>src_pers</Filter>
    </ClCompile>
    <ClCompile Include="..\ht\sysc\SyscMon.cpp">
      <Filter>ht\sysc</Filter>
    </ClCompile>
    <ClCompile Include="$(HtToolsPath_v1x)\ht_lib\host\HtHif.cpp">
      <Filter>ht_lib\host</Filter>
    </ClCompile>
    <ClCompile Include="$(HtToolsPath_v1x)\ht_lib\host\HtHifLib.cpp">
      <Filter>ht_lib\host</Filter>
    </ClCompile>
    <ClCompile Include="$(HtToolsPath_v1x)\ht_lib\host\HtModelLib.cpp">
      <Filter>ht_lib\host</Filter>
    </ClCompile>
    <ClCompile Include="$(HtToolsPath_v1x)\ht_lib\host\HtPlatform.cpp">
      <Filter>ht_lib\host</Filter>
    </ClCompile>
    <ClCompile Include="$(HtToolsPath_v1x)\ht_lib\sysc\mtrand.cpp">
      <Filter>ht_lib\sysc</Filter>
    </ClCompile>
    <ClCompile Include="$(HtToolsPath_v1x)\ht_lib\sysc\PersUnitCnt.cpp">
      <Filter>ht_lib\sysc</Filter>
    </ClCompile>
    <ClCompile Include="$(HtToolsPath_v1x)\ht_lib\sysc\PersXbarStub.cpp">
      <Filter>ht_lib\sysc</Filter>
    </ClCompile>
    <ClCompile Include="$(HtToolsPath_v1x)\ht_lib\sysc\PersMiStub.cpp">
      <Filter>ht_lib\sysc</Filter>
    </ClCompile>
    <ClCompile Include="$(HtToolsPath_v1x)\ht_lib\sysc\PersMoStub.cpp">
      <Filter>ht_lib\sysc</Filter>
    </ClCompile>
    <ClCompile Include="$(HtToolsPath_v1x)\ht_lib\sysc\SyscClockLib.cpp">
      <Filter>ht_lib\sysc</Filter>
    </ClCompile>
    <ClCompile Include="$(HtToolsPath_v1x)\ht_lib\sysc\SyscDispLib.cpp">
      <Filter>ht_lib\sysc</Filter>
    </ClCompile>
    <ClCompile Include="$(HtToolsPath_v1x)\ht_lib\sysc\SyscMemLib.cpp">
      <Filter>ht_lib\sysc</Filter>
    </ClCompile>
    <ClCompile Include="$(HtToolsPath_v1x)\ht_lib\sysc\SyscMonLib.cpp">
      <Filter>ht_lib\sysc</Filter>
    </ClCompile>
    <ClCompile Include="..\src\Main.cpp">
      <Filter>src</Filter>
    </ClCompile>
  </ItemGroup>
  <ItemGroup>
    <CustomBuild Include="..\src_pers\dsn1.htl">
      <Filter>src_pers</Filter>
    </CustomBuild>
    <CustomBuild Include="..\ht\sysc\PersSuTop.sc">
      <Filter>ht\sysc</Filter>
    </CustomBuild>
    <CustomBuild Include="..\ht\sysc\PersAeTop.sc">
      <Filter>ht\sysc</Filter>
    </CustomBuild>
    <CustomBuild Include="..\ht\verilog\PersHif.v_">
      <Filter>ht\verilog</Filter>
    </CustomBuild>
    <CustomBuild Include="..\ht\verilog\PersSuHti.v_">
      <Filter>ht\verilog</Filter>
    </CustomBuild>
    <CustomBuild Include="..\ht\verilog\PersSuHta.v_">
      <Filter>ht\verilog</Filter>
    </CustomBuild>
    <CustomBuild Include="..\ht\verilog\PersSuMif0.v_">
      <Filter>ht\verilog</Filter>
    </CustomBuild>
    <CustomBuild Include="..\ht\verilog\PersInc.v_">
      <Filter>ht\verilog</Filter>
    </CustomBuild>
  </ItemGroup>
  <ItemGroup>
    <CustomBuild Include="$(HtToolsPath_v1x)\ht_lib\sysc\SyscAeTop.sc">
      <Filter>ht_lib\sysc</Filter>
    </CustomBuild>
    <CustomBuild Include="$(HtToolsPath_v1x)\ht_lib\sysc\SyscTop.sc">
      <Filter>ht_lib\sysc</Filter>
    </CustomBuild>
    <CustomBuild Include="..\ht\verilog\PersUnitCnt.v_">
      <Filter>ht\verilog</Filter>
    </CustomBuild>
    <CustomBuild Include="..\ht\verilog\PersXbarStub.v_">
      <Filter>ht\verilog</Filter>
    </CustomBuild>
    <CustomBuild Include="..\ht\verilog\PersMiStub.v_">
      <Filter>ht\verilog</Filter>
    </CustomBuild>
    <CustomBuild Include="..\ht\verilog\PersMoStub.v_">
      <Filter>ht\verilog</Filter>
    </CustomBuild>
  </ItemGroup>
  <ItemGroup>
    <None Include="..\src_pers\Dsn1.htd">
      <Filter>src_pers</Filter>
    </None>
    <None Include="..\ht\verilog\PersSuTop.v">
      <Filter>ht\verilog</Filter>
    </None>
    <None Include="..\ht\verilog\PersAeTop.v">
      <Filter>ht\verilog</Filter>
    </None>
    <None Include="..\ht\verilog\SyscAeTop.v">
      <Filter>ht\verilog</Filter>
    </None>
    <None Include="..\ht\verilog\SyscTop.v">
      <Filter>ht\verilog</Filter>
    </None>
    <None Include="..\ht\verilog\PersHif.v">
      <Filter>ht\verilog</Filter>
    </None>
    <None Include="..\ht\verilog\PersSuHti.v">
      <Filter>ht\verilog</Filter>
    </None>
    <None Include="..\ht\verilog\PersSuHta.v">
      <Filter>ht\verilog</Filter>
    </None>
    <None Include="..\ht\verilog\PersSuMif0.v">
      <Filter>ht\verilog</Filter>
    </None>
    <None Include="..\ht\verilog\PersInc.v">
      <Filter>ht\verilog</Filter>
    </None>
    <None Include="..\ht\verilog\PersUnitCnt.v">
      <Filter>ht\verilog</Filter>
    </None>
    <None Include="..\ht\verilog\PersXbarStub.v">
      <Filter>ht\verilog</Filter>
    </None>
    <None Include="..\ht\verilog\PersMiStub.v">
      <Filter>ht\verilog</Filter>
    </None>
    <None Include="..\ht\verilog\PersMoStub.v">
      <Filter>ht\verilog</Filter>
    </None>
  </ItemGroup>
</Project>
